// !$*UTF8*$!
{
	archiveVersion = 1;
	classes = {
	};
	objectVersion = 46;
	objects = {

/* Begin PBXBuildFile section */
		09824F3C1CCCA15B008F6D08 /* AppDelegate.swift in Sources */ = {isa = PBXBuildFile; fileRef = 09824F3B1CCCA15B008F6D08 /* AppDelegate.swift */; };
		09824F3E1CCCA15B008F6D08 /* ViewController.swift in Sources */ = {isa = PBXBuildFile; fileRef = 09824F3D1CCCA15B008F6D08 /* ViewController.swift */; };
		09824F411CCCA15B008F6D08 /* Main.storyboard in Resources */ = {isa = PBXBuildFile; fileRef = 09824F3F1CCCA15B008F6D08 /* Main.storyboard */; };
		09824F431CCCA15B008F6D08 /* Assets.xcassets in Resources */ = {isa = PBXBuildFile; fileRef = 09824F421CCCA15B008F6D08 /* Assets.xcassets */; };
		09824F461CCCA15B008F6D08 /* LaunchScreen.storyboard in Resources */ = {isa = PBXBuildFile; fileRef = 09824F441CCCA15B008F6D08 /* LaunchScreen.storyboard */; };
		09AD7A481CCEBF3900CE8F5E /* FactModel.swift in Sources */ = {isa = PBXBuildFile; fileRef = 09AD7A471CCEBF3900CE8F5E /* FactModel.swift */; };
/* End PBXBuildFile section */

/* Begin PBXFileReference section */
		09824F381CCCA15B008F6D08 /* FunFacts.app */ = {isa = PBXFileReference; explicitFileType = wrapper.application; includeInIndex = 0; path = FunFacts.app; sourceTree = BUILT_PRODUCTS_DIR; };
		09824F3B1CCCA15B008F6D08 /* AppDelegate.swift */ = {isa = PBXFileReference; lastKnownFileType = sourcecode.swift; path = AppDelegate.swift; sourceTree = "<group>"; };
		09824F3D1CCCA15B008F6D08 /* ViewController.swift */ = {isa = PBXFileReference; lastKnownFileType = sourcecode.swift; path = ViewController.swift; sourceTree = "<group>"; };
		09824F401CCCA15B008F6D08 /* Base */ = {isa = PBXFileReference; lastKnownFileType = file.storyboard; name = Base; path = Base.lproj/Main.storyboard; sourceTree = "<group>"; };
		09824F421CCCA15B008F6D08 /* Assets.xcassets */ = {isa = PBXFileReference; lastKnownFileType = folder.assetcatalog; path = Assets.xcassets; sourceTree = "<group>"; };
		09824F451CCCA15B008F6D08 /* Base */ = {isa = PBXFileReference; lastKnownFileType = file.storyboard; name = Base; path = Base.lproj/LaunchScreen.storyboard; sourceTree = "<group>"; };
		09824F471CCCA15B008F6D08 /* Info.plist */ = {isa = PBXFileReference; lastKnownFileType = text.plist.xml; path = Info.plist; sourceTree = "<group>"; };
		09AD7A471CCEBF3900CE8F5E /* FactModel.swift */ = {isa = PBXFileReference; fileEncoding = 4; lastKnownFileType = sourcecode.swift; path = FactModel.swift; sourceTree = "<group>"; };
/* End PBXFileReference section */

/* Begin PBXFrameworksBuildPhase section */
		09824F351CCCA15B008F6D08 /* Frameworks */ = {
			isa = PBXFrameworksBuildPhase;
			buildActionMask = 2147483647;
			files = (
			);
			runOnlyForDeploymentPostprocessing = 0;
		};
/* End PBXFrameworksBuildPhase section */

/* Begin PBXGroup section */
		09824F2F1CCCA15B008F6D08 = {
			isa = PBXGroup;
			children = (
				09824F3A1CCCA15B008F6D08 /* FunFacts */,
				09824F391CCCA15B008F6D08 /* Products */,
			);
			sourceTree = "<group>";
		};
		09824F391CCCA15B008F6D08 /* Products */ = {
			isa = PBXGroup;
			children = (
				09824F381CCCA15B008F6D08 /* FunFacts.app */,
			);
			name = Products;
			sourceTree = "<group>";
		};
		09824F3A1CCCA15B008F6D08 /* FunFacts */ = {
			isa = PBXGroup;
			children = (
				09824F3B1CCCA15B008F6D08 /* AppDelegate.swift */,
				09824F3D1CCCA15B008F6D08 /* ViewController.swift */,
				09AD7A471CCEBF3900CE8F5E /* FactModel.swift */,
				09824F3F1CCCA15B008F6D08 /* Main.storyboard */,
				09824F421CCCA15B008F6D08 /* Assets.xcassets */,
				09824F441CCCA15B008F6D08 /* LaunchScreen.storyboard */,
				09824F471CCCA15B008F6D08 /* Info.plist */,
			);
			path = FunFacts;
			sourceTree = "<group>";
		};
/* End PBXGroup section */

/* Begin PBXNativeTarget section */
		09824F371CCCA15B008F6D08 /* FunFacts */ = {
			isa = PBXNativeTarget;
			buildConfigurationList = 09824F4A1CCCA15B008F6D08 /* Build configuration list for PBXNativeTarget "FunFacts" */;
			buildPhases = (
				09824F341CCCA15B008F6D08 /* Sources */,
				09824F351CCCA15B008F6D08 /* Frameworks */,
				09824F361CCCA15B008F6D08 /* Resources */,
			);
			buildRules = (
			);
			dependencies = (
			);
			name = FunFacts;
			productName = FunFacts;
			productReference = 09824F381CCCA15B008F6D08 /* FunFacts.app */;
			productType = "com.apple.product-type.application";
		};
/* End PBXNativeTarget section */

/* Begin PBXProject section */
		09824F301CCCA15B008F6D08 /* Project object */ = {
			isa = PBXProject;
			attributes = {
				LastSwiftUpdateCheck = 0730;
				LastUpgradeCheck = 0730;
				ORGANIZATIONNAME = "Edwin Vergara";
				TargetAttributes = {
					09824F371CCCA15B008F6D08 = {
						CreatedOnToolsVersion = 7.3;
					};
				};
			};
			buildConfigurationList = 09824F331CCCA15B008F6D08 /* Build configuration list for PBXProject "FunFacts" */;
			compatibilityVersion = "Xcode 3.2";
			developmentRegion = English;
			hasScannedForEncodings = 0;
			knownRegions = (
				en,
				Base,
			);
			mainGroup = 09824F2F1CCCA15B008F6D08;
			productRefGroup = 09824F391CCCA15B008F6D08 /* Products */;
			projectDirPath = "";
			projectRoot = "";
			targets = (
				09824F371CCCA15B008F6D08 /* FunFacts */,
			);
		};
/* End PBXProject section */

/* Begin PBXResourcesBuildPhase section */
		09824F361CCCA15B008F6D08 /* Resources */ = {
			isa = PBXResourcesBuildPhase;
			buildActionMask = 2147483647;
			files = (
				09824F461CCCA15B008F6D08 /* LaunchScreen.storyboard in Resources */,
				09824F431CCCA15B008F6D08 /* Assets.xcassets in Resources */,
				09824F411CCCA15B008F6D08 /* Main.storyboard in Resources */,
			);
			runOnlyForDeploymentPostprocessing = 0;
		};
/* End PBXResourcesBuildPhase section */

/* Begin PBXSourcesBuildPhase section */
		09824F341CCCA15B008F6D08 /* Sources */ = {
			isa = PBXSourcesBuildPhase;
			buildActionMask = 2147483647;
			files = (
				09AD7A481CCEBF3900CE8F5E /* FactModel.swift in Sources */,
				09824F3E1CCCA15B008F6D08 /* ViewController.swift in Sources */,
				09824F3C1CCCA15B008F6D08 /* AppDelegate.swift in Sources */,
			);
			runOnlyForDeploymentPostprocessing = 0;
		};
/* End PBXSourcesBuildPhase section */

/* Begin PBXVariantGroup section */
		09824F3F1CCCA15B008F6D08 /* Main.storyboard */ = {
			isa = PBXVariantGroup;
			children = (
				09824F401CCCA15B008F6D08 /* Base */,
			);
			name = Main.storyboard;
			sourceTree = "<group>";
		};
		09824F441CCCA15B008F6D08 /* LaunchScreen.storyboard */ = {
			isa = PBXVariantGroup;
			children = (
				09824F451CCCA15B008F6D08 /* Base */,
			);
			name = LaunchScreen.storyboard;
			sourceTree = "<group>";
		};
/* End PBXVariantGroup section */

/* Begin XCBuildConfiguration section */
		09824F481CCCA15B008F6D08 /* Debug */ = {
			isa = XCBuildConfiguration;
			buildSettings = {
				ALWAYS_SEARCH_USER_PATHS = NO;
				CLANG_ANALYZER_NONNULL = YES;
				CLANG_CXX_LANGUAGE_STANDARD = "gnu++0x";
				CLANG_CXX_LIBRARY = "libc++";
				CLANG_ENABLE_MODULES = YES;
				CLANG_ENABLE_OBJC_ARC = YES;
				CLANG_WARN_BOOL_CONVERSION = YES;
				CLANG_WARN_CONSTANT_CONVERSION = YES;
				CLANG_WARN_DIRECT_OBJC_ISA_USAGE = YES_ERROR;
				CLANG_WARN_EMPTY_BODY = YES;
				CLANG_WARN_ENUM_CONVERSION = YES;
				CLANG_WARN_INT_CONVERSION = YES;
				CLANG_WARN_OBJC_ROOT_CLASS = YES_ERROR;
				CLANG_WARN_UNREACHABLE_CODE = YES;
				CLANG_WARN__DUPLICATE_METHOD_MATCH = YES;
				"CODE_SIGN_IDENTITY[sdk=iphoneos*]" = "iPhone Developer";
				COPY_PHASE_STRIP = NO;
				DEBUG_INFORMATION_FORMAT = dwarf;
				ENABLE_STRICT_OBJC_MSGSEND = YES;
				ENABLE_TESTABILITY = YES;
				GCC_C_LANGUAGE_STANDARD = gnu99;
				GCC_DYNAMIC_NO_PIC = NO;
				GCC_NO_COMMON_BLOCKS = YES;
				GCC_OPTIMIZATION_LEVEL = 0;
				GCC_PREPROCESSOR_DEFINITIONS = (
					"DEBUG=1",
					"$(inherited)",
				);
				GCC_WARN_64_TO_32_BIT_CONVERSION = YES;
				GCC_WARN_ABOUT_RETURN_TYPE = YES_ERROR;
				GCC_WARN_UNDECLARED_SELECTOR = YES;
				GCC_WARN_UNINITIALIZED_AUTOS = YES_AGGRESSIVE;
				GCC_WARN_UNUSED_FUNCTION = YES;
				GCC_WARN_UNUSED_VARIABLE = YES;
				IPHONEOS_DEPLOYMENT_TARGET = 9.3;
				MTL_ENABLE_DEBUG_INFO = YES;
				ONLY_ACTIVE_ARCH = YES;
				SDKROOT = iphoneos;
				SWIFT_OPTIMIZATION_LEVEL = "-Onone";
			};
			name = Debug;
		};
		09824F491CCCA15B008F6D08 /* Release */ = {
			isa = XCBuildConfiguration;
			buildSettings = {
				ALWAYS_SEARCH_USER_PATHS = NO;
				CLANG_ANALYZER_NONNULL = YES;
				CLANG_CXX_LANGUAGE_STANDARD = "gnu++0x";
				CLANG_CXX_LIBRARY = "libc++";
				CLANG_ENABLE_MODULES = YES;
				CLANG_ENABLE_OBJC_ARC = YES;
				CLANG_WARN_BOOL_CONVERSION = YES;
				CLANG_WARN_CONSTANT_CONVERSION = YES;
				CLANG_WARN_DIRECT_OBJC_ISA_USAGE = YES_ERROR;
				CLANG_WARN_EMPTY_BODY = YES;
				CLANG_WARN_ENUM_CONVERSION = YES;
				CLANG_WARN_INT_CONVERSION = YES;
				CLANG_WARN_OBJC_ROOT_CLASS = YES_ERROR;
				CLANG_WARN_UNREACHABLE_CODE = YES;
				CLANG_WARN__DUPLICATE_METHOD_MATCH = YES;
				"CODE_SIGN_IDENTITY[sdk=iphoneos*]" = "iPhone Developer";
				COPY_PHASE_STRIP = NO;
				DEBUG_INFORMATION_FORMAT = "dwarf-with-dsym";
				ENABLE_NS_ASSERTIONS = NO;
				ENABLE_STRICT_OBJC_MSGSEND = YES;
				GCC_C_LANGUAGE_STANDARD = gnu99;
				GCC_NO_COMMON_BLOCKS = YES;
				GCC_WARN_64_TO_32_BIT_CONVERSION = YES;
				GCC_WARN_ABOUT_RETURN_TYPE = YES_ERROR;
				GCC_WARN_UNDECLARED_SELECTOR = YES;
				GCC_WARN_UNINITIALIZED_AUTOS = YES_AGGRESSIVE;
				GCC_WARN_UNUSED_FUNCTION = YES;
				GCC_WARN_UNUSED_VARIABLE = YES;
				IPHONEOS_DEPLOYMENT_TARGET = 9.3;
				MTL_ENABLE_DEBUG_INFO = NO;
				SDKROOT = iphoneos;
				VALIDATE_PRODUCT = YES;
			};
			name = Release;
		};
		09824F4B1CCCA15B008F6D08 /* Debug */ = {
			isa = XCBuildConfiguration;
			buildSettings = {
				ASSETCATALOG_COMPILER_APPICON_NAME = AppIcon;
				INFOPLIST_FILE = FunFacts/Info.plist;
				LD_RUNPATH_SEARCH_PATHS = "$(inherited) @executable_path/Frameworks";
				PRODUCT_BUNDLE_IDENTIFIER = com.edwinvergara.FunFacts;
				PRODUCT_NAME = "$(TARGET_NAME)";
			};
			name = Debug;
		};
		09824F4C1CCCA15B008F6D08 /* Release */ = {
			isa = XCBuildConfiguration;
			buildSettings = {
				ASSETCATALOG_COMPILER_APPICON_NAME = AppIcon;
				INFOPLIST_FILE = FunFacts/Info.plist;
				LD_RUNPATH_SEARCH_PATHS = "$(inherited) @executable_path/Frameworks";
				PRODUCT_BUNDLE_IDENTIFIER = com.edwinvergara.FunFacts;
				PRODUCT_NAME = "$(TARGET_NAME)";
			};
			name = Release;
		};
/* End XCBuildConfiguration section */

/* Begin XCConfigurationList section */
		09824F331CCCA15B008F6D08 /* Build configuration list for PBXProject "FunFacts" */ = {
			isa = XCConfigurationList;
			buildConfigurations = (
				09824F481CCCA15B008F6D08 /* Debug */,
				09824F491CCCA15B008F6D08 /* Release */,
			);
			defaultConfigurationIsVisible = 0;
			defaultConfigurationName = Release;
		};
		09824F4A1CCCA15B008F6D08 /* Build configuration list for PBXNativeTarget "FunFacts" */ = {
			isa = XCConfigurationList;
			buildConfigurations = (
				09824F4B1CCCA15B008F6D08 /* Debug */,
				09824F4C1CCCA15B008F6D08 /* Release */,
			);
			defaultConfigurationIsVisible = 0;
			defaultConfigurationName = Release;
		};
/* End XCConfigurationList section */
	};
	rootObject = 09824F301CCCA15B008F6D08 /* Project object */;
}
